
Microsoft Visual Studio Solution File, Format Version 12.00
# Visual Studio Version 17
VisualStudioVersion = 17.3.32825.248
MinimumVisualStudioVersion = 10.0.40219.1
Project("{FAE04EC0-301F-11D3-BF4B-00C04F79EFBC}") = "GraphMethod", "GraphMethod.csproj", "{1DFE4342-4D37-451B-89FD-5FDFEE379DA4}"
EndProject
Global
	GlobalSection(SolutionConfigurationPlatforms) = preSolution
		Debug|Any CPU = Debug|Any CPU
		Release|Any CPU = Release|Any CPU
	EndGlobalSection
	GlobalSection(ProjectConfigurationPlatforms) = postSolution
		{1DFE4342-4D37-451B-89FD-5FDFEE379DA4}.Debug|Any CPU.ActiveCfg = Debug|Any CPU
		{1DFE4342-4D37-451B-89FD-5FDFEE379DA4}.Debug|Any CPU.Build.0 = Debug|Any CPU
		{1DFE4342-4D37-451B-89FD-5FDFEE379DA4}.Release|Any CPU.ActiveCfg = Release|Any CPU
		{1DFE4342-4D37-451B-89FD-5FDFEE379DA4}.Release|Any CPU.Build.0 = Release|Any CPU
	EndGlobalSection
	GlobalSection(SolutionProperties) = preSolution
		HideSolutionNode = FALSE
	EndGlobalSection
	GlobalSection(ExtensibilityGlobals) = postSolution
		SolutionGuid = {61C2FC6F-2A1F-486E-95B9-E8704C5E1015}
	EndGlobalSection
EndGlobal
